
Microsoft Visual Studio Solution File, Format Version 12.00
# Visual Studio Version 17
VisualStudioVersion = 17.2.32630.192
MinimumVisualStudioVersion = 10.0.40219.1
Project("{FAE04EC0-301F-11D3-BF4B-00C04F79EFBC}") = "GamesLibrary", "GamesLibrary\GamesLibrary.csproj", "{4E9724ED-B4FA-44C4-BD00-3823669090E3}"
EndProject
Global
	GlobalSection(SolutionConfigurationPlatforms) = preSolution
		Debug|Any CPU = Debug|Any CPU
		Release|Any CPU = Release|Any CPU
	EndGlobalSection
	GlobalSection(ProjectConfigurationPlatforms) = postSolution
		{4E9724ED-B4FA-44C4-BD00-3823669090E3}.Debug|Any CPU.ActiveCfg = Debug|Any CPU
		{4E9724ED-B4FA-44C4-BD00-3823669090E3}.Debug|Any CPU.Build.0 = Debug|Any CPU
		{4E9724ED-B4FA-44C4-BD00-3823669090E3}.Release|Any CPU.ActiveCfg = Release|Any CPU
		{4E9724ED-B4FA-44C4-BD00-3823669090E3}.Release|Any CPU.Build.0 = Release|Any CPU
	EndGlobalSection
	GlobalSection(SolutionProperties) = preSolution
		HideSolutionNode = FALSE
	EndGlobalSection
	GlobalSection(ExtensibilityGlobals) = postSolution
		SolutionGuid = {8D9020EF-CCB1-42F7-9463-BF96DBF926E6}
	EndGlobalSection
EndGlobal
